{
    "_readme": [
        "This file locks the dependencies of your project to a known state",
        "Read more about it at http://getcomposer.org/doc/01-basic-usage.md#composer-lock-the-lock-file",
        "This file is @generated automatically"
    ],
    "hash": "f99bbfb145964364fd1c7049737a017a",
    "packages": [
        {
            "name": "jwilsson/spotify-web-api-php",
            "version": "0.6.0",
            "source": {
                "type": "git",
                "url": "https://github.com/jwilsson/spotify-web-api-php.git",
                "reference": "0d9ea746aa942d215301fe463611ef1a3d4b9b93"
            },
            "dist": {
                "type": "zip",
                "url": "https://api.github.com/repos/jwilsson/spotify-web-api-php/zipball/0d9ea746aa942d215301fe463611ef1a3d4b9b93",
                "reference": "0d9ea746aa942d215301fe463611ef1a3d4b9b93",
                "shasum": ""
            },
            "require": {
                "php": ">=5.3.3"
            },
            "require-dev": {
                "phpunit/phpunit": "4.*",
                "satooshi/php-coveralls": "dev-master",
                "vlucas/phpdotenv": "1.*"
            },
            "type": "library",
            "autoload": {
                "psr-4": {
                    "SpotifyWebAPI\\": "src/"
                }
            },
            "notification-url": "https://packagist.org/downloads/",
            "license": [
                "MIT"
            ],
            "authors": [
                {
                    "name": "Jonathan Wilsson",
                    "email": "jonathan.wilsson@gmail.com"
                }
            ],
            "description": "PHP implementation of Spotify's Web API.",
            "homepage": "https://github.com/jwilsson/spotify-web-api-php",
            "keywords": [
                "spotify"
            ],
            "time": "2014-10-26 16:23:57"
        },
        {
            "name": "pusher/pusher-php-server",
            "version": "dev-master",
            "source": {
                "type": "git",
                "url": "https://github.com/pusher/pusher-php-server.git",
                "reference": "d5b4e8bec7fc5e53651c879495a74e96b1bc2cea"
            },
            "dist": {
                "type": "zip",
                "url": "https://api.github.com/repos/pusher/pusher-php-server/zipball/d5b4e8bec7fc5e53651c879495a74e96b1bc2cea",
                "reference": "d5b4e8bec7fc5e53651c879495a74e96b1bc2cea",
                "shasum": ""
            },
            "require": {
                "ext-curl": "*",
                "php": ">=5.2"
            },
            "require-dev": {
                "phpunit/phpunit": "3.7.*"
            },
            "type": "library",
            "autoload": {
                "classmap": [
                    "lib/"
                ]
            },
            "notification-url": "https://packagist.org/downloads/",
            "license": [
                "MIT"
            ],
            "description": "Library for interacting with the Pusher REST API",
            "homepage": "https://github.com/pusher/pusher-php-server",
            "keywords": [
                "events",
                "php-pusher-server",
                "publish",
                "pusher",
                "realtime",
                "rest",
                "trigger"
            ],
            "time": "2014-06-11 19:32:01"
        }
    ],
    "packages-dev": [],
    "aliases": [],
    "minimum-stability": "stable",
    "stability-flags": {
        "pusher/pusher-php-server": 20
    },
    "prefer-stable": false,
    "prefer-lowest": false,
    "platform": [],
    "platform-dev": []
}
